
Microsoft Visual Studio Solution File, Format Version 12.00
# Visual Studio Version 17
VisualStudioVersion = 17.0.31903.59
MinimumVisualStudioVersion = 10.0.40219.1
Project("{9A19103F-16F7-4668-BE54-9A1E7A4F7556}") = "Visma", "Visma\Visma.csproj", "{2712DB02-F891-410C-BDD9-FCE661F86D0F}"
EndProject
Project("{2150E333-8FDC-42A3-9474-1A3956D46DE8}") = "Solution Items", "Solution Items", "{24E511A7-4044-428E-81F2-80E2FE77B483}"
	ProjectSection(SolutionItems) = preProject
		.editorconfig = .editorconfig
	EndProjectSection
EndProject
Project("{FAE04EC0-301F-11D3-BF4B-00C04F79EFBC}") = "ApplicationTests", "ApplicationTests\ApplicationTests.csproj", "{D1459561-4D28-42B6-9564-7F4248281C8D}"
EndProject
Global
	GlobalSection(SolutionConfigurationPlatforms) = preSolution
		Debug|Any CPU = Debug|Any CPU
		Release|Any CPU = Release|Any CPU
	EndGlobalSection
	GlobalSection(ProjectConfigurationPlatforms) = postSolution
		{2712DB02-F891-410C-BDD9-FCE661F86D0F}.Debug|Any CPU.ActiveCfg = Debug|Any CPU
		{2712DB02-F891-410C-BDD9-FCE661F86D0F}.Debug|Any CPU.Build.0 = Debug|Any CPU
		{2712DB02-F891-410C-BDD9-FCE661F86D0F}.Release|Any CPU.ActiveCfg = Release|Any CPU
		{2712DB02-F891-410C-BDD9-FCE661F86D0F}.Release|Any CPU.Build.0 = Release|Any CPU
		{D1459561-4D28-42B6-9564-7F4248281C8D}.Debug|Any CPU.ActiveCfg = Debug|Any CPU
		{D1459561-4D28-42B6-9564-7F4248281C8D}.Debug|Any CPU.Build.0 = Debug|Any CPU
		{D1459561-4D28-42B6-9564-7F4248281C8D}.Release|Any CPU.ActiveCfg = Release|Any CPU
		{D1459561-4D28-42B6-9564-7F4248281C8D}.Release|Any CPU.Build.0 = Release|Any CPU
	EndGlobalSection
	GlobalSection(SolutionProperties) = preSolution
		HideSolutionNode = FALSE
	EndGlobalSection
	GlobalSection(ExtensibilityGlobals) = postSolution
		SolutionGuid = {52B29F0E-B6E2-4324-BC79-544F88878CD7}
	EndGlobalSection
EndGlobal
